
Microsoft Visual Studio Solution File, Format Version 12.00
# Visual Studio 15
VisualStudioVersion = 15.0.27703.2042
MinimumVisualStudioVersion = 10.0.40219.1
Project("{9A19103F-16F7-4668-BE54-9A1E7A4F7556}") = "BigJoelSafari", "BigJoelSafari\BigJoelSafari.csproj", "{DA3A2D59-F3CE-44DD-9793-966597EF03B6}"
EndProject
Project("{2150E333-8FDC-42A3-9474-1A3956D46DE8}") = "Solution Items", "Solution Items", "{FF31FC9B-C7AD-420C-9E2C-13F745026563}"
	ProjectSection(SolutionItems) = preProject
		License.txt = License.txt
	EndProjectSection
EndProject
Global
	GlobalSection(SolutionConfigurationPlatforms) = preSolution
		Debug|Any CPU = Debug|Any CPU
		Release|Any CPU = Release|Any CPU
	EndGlobalSection
	GlobalSection(ProjectConfigurationPlatforms) = postSolution
		{DA3A2D59-F3CE-44DD-9793-966597EF03B6}.Debug|Any CPU.ActiveCfg = Debug|Any CPU
		{DA3A2D59-F3CE-44DD-9793-966597EF03B6}.Debug|Any CPU.Build.0 = Debug|Any CPU
		{DA3A2D59-F3CE-44DD-9793-966597EF03B6}.Release|Any CPU.ActiveCfg = Release|Any CPU
		{DA3A2D59-F3CE-44DD-9793-966597EF03B6}.Release|Any CPU.Build.0 = Release|Any CPU
	EndGlobalSection
	GlobalSection(SolutionProperties) = preSolution
		HideSolutionNode = FALSE
	EndGlobalSection
	GlobalSection(ExtensibilityGlobals) = postSolution
		SolutionGuid = {139AF258-3D79-456D-B878-F0C7911AA9AE}
	EndGlobalSection
EndGlobal
